{
  "version": 4,
  "terraform_version": "1.6.3",
  "serial": 1640,
  "lineage": "0bb363e9-10e2-22e4-3817-2591a11fa918",
  "outputs": {
    "Vm_ip": {
      "value": [
        [
          "192.168.124.43"
        ],
        [
          "192.168.124.231"
        ],
        [
          "192.168.124.222"
        ]
      ],
      "type": [
        "tuple",
        [
          [
            "list",
            "string"
          ],
          [
            "list",
            "string"
          ],
          [
            "list",
            "string"
          ]
        ]
      ]
    }
  },
  "resources": [
    {
      "mode": "data",
      "type": "cloudinit_config",
      "name": "conf",
      "provider": "provider[\"registry.terraform.io/hashicorp/cloudinit\"]",
      "instances": [
        {
          "schema_version": 0,
          "attributes": {
            "base64_encode": false,
            "boundary": "MIMEBOUNDARY",
            "gzip": false,
            "id": "976996367",
            "part": [
              {
                "content": "#cloud-config\npackages:\n  - \"bash-completion\"\n  - \"git\"\n  - \"curl\"\n  - \"firewalld\"\npackage_update: true\npackage_upgrade: true\npackage_reboot_if_required: true\nruncmd:\n  #- firewall-cmd --set-default-zone=trusted\n  - loadkeys fr\n  - systemctl enable firewalld --now\n  - firewall-cmd --add-port=2376/tcp --permanent\n  - firewall-cmd --add-port=2377/tcp --permanent\n  - firewall-cmd --add-port=7946/tcp --permanent\n  - firewall-cmd --add-port=7946/udp --permanent\n  - firewall-cmd --add-port=4789/udp --permanent\n  - firewall-cmd --reload\n  - curl -fsSL https://get.docker.com -o /tmp/get-docker.sh\n  - chmod u+x /tmp/get-docker.sh\n  - /tmp/get-docker.sh\n  - systemctl enable docker --now\n  - echo \"ssh-ed25519 AAAAC3NzaC1lZDI1NTE5AAAAINzLx64l4aRR4z0tyjBE9W0sEZFBNH3Ktut57N319+V0 infra@bzhack.bzh\" \u003e\u003e /root/.ssh/authorized_keys\n  - echo \"ssh-ed25519 AAAAC3NzaC1lZDI1NTE5AAAAINzLx64l4aRR4z0tyjBE9W0sEZFBNH3Ktut57N319+V0 infra@bzhack.bzh\" \u003e\u003e /root/.ssh/id_rsa.pub\nwrite_files:\n  - path: \"/root/hello.txt\"\n    owner: \"root:root\"\n    permissions: '0644'\n    content: \"This Infrastructure is provided by BZHack! Enjoy!\\n\"",
                "content_type": "text/cloud-config",
                "filename": "cloud-init.yaml",
                "merge_type": null
              }
            ],
            "rendered": "Content-Type: multipart/mixed; boundary=\"MIMEBOUNDARY\"\nMIME-Version: 1.0\r\n\r\n--MIMEBOUNDARY\r\nContent-Disposition: attachment; filename=\"cloud-init.yaml\"\r\nContent-Transfer-Encoding: 7bit\r\nContent-Type: text/cloud-config\r\nMime-Version: 1.0\r\n\r\n#cloud-config\npackages:\n  - \"bash-completion\"\n  - \"git\"\n  - \"curl\"\n  - \"firewalld\"\npackage_update: true\npackage_upgrade: true\npackage_reboot_if_required: true\nruncmd:\n  #- firewall-cmd --set-default-zone=trusted\n  - loadkeys fr\n  - systemctl enable firewalld --now\n  - firewall-cmd --add-port=2376/tcp --permanent\n  - firewall-cmd --add-port=2377/tcp --permanent\n  - firewall-cmd --add-port=7946/tcp --permanent\n  - firewall-cmd --add-port=7946/udp --permanent\n  - firewall-cmd --add-port=4789/udp --permanent\n  - firewall-cmd --reload\n  - curl -fsSL https://get.docker.com -o /tmp/get-docker.sh\n  - chmod u+x /tmp/get-docker.sh\n  - /tmp/get-docker.sh\n  - systemctl enable docker --now\n  - echo \"ssh-ed25519 AAAAC3NzaC1lZDI1NTE5AAAAINzLx64l4aRR4z0tyjBE9W0sEZFBNH3Ktut57N319+V0 infra@bzhack.bzh\" \u003e\u003e /root/.ssh/authorized_keys\n  - echo \"ssh-ed25519 AAAAC3NzaC1lZDI1NTE5AAAAINzLx64l4aRR4z0tyjBE9W0sEZFBNH3Ktut57N319+V0 infra@bzhack.bzh\" \u003e\u003e /root/.ssh/id_rsa.pub\nwrite_files:\n  - path: \"/root/hello.txt\"\n    owner: \"root:root\"\n    permissions: '0644'\n    content: \"This Infrastructure is provided by BZHack! Enjoy!\\n\"\r\n--MIMEBOUNDARY--\r\n"
          },
          "sensitive_attributes": []
        }
      ]
    },
    {
      "mode": "data",
      "type": "template_file",
      "name": "cloudinit",
      "provider": "provider[\"registry.terraform.io/hashicorp/template\"]",
      "instances": [
        {
          "schema_version": 0,
          "attributes": {
            "filename": null,
            "id": "b90aa8d0ac8698acffa66097b0c4174138cf5cc714f3940335367aeaf17835e1",
            "rendered": "#cloud-config\npackages:\n  - \"bash-completion\"\n  - \"git\"\n  - \"curl\"\n  - \"firewalld\"\npackage_update: true\npackage_upgrade: true\npackage_reboot_if_required: true\nruncmd:\n  #- firewall-cmd --set-default-zone=trusted\n  - loadkeys fr\n  - systemctl enable firewalld --now\n  - firewall-cmd --add-port=2376/tcp --permanent\n  - firewall-cmd --add-port=2377/tcp --permanent\n  - firewall-cmd --add-port=7946/tcp --permanent\n  - firewall-cmd --add-port=7946/udp --permanent\n  - firewall-cmd --add-port=4789/udp --permanent\n  - firewall-cmd --reload\n  - curl -fsSL https://get.docker.com -o /tmp/get-docker.sh\n  - chmod u+x /tmp/get-docker.sh\n  - /tmp/get-docker.sh\n  - systemctl enable docker --now\n  - echo \"ssh-ed25519 AAAAC3NzaC1lZDI1NTE5AAAAINzLx64l4aRR4z0tyjBE9W0sEZFBNH3Ktut57N319+V0 infra@bzhack.bzh\" \u003e\u003e /root/.ssh/authorized_keys\n  - echo \"ssh-ed25519 AAAAC3NzaC1lZDI1NTE5AAAAINzLx64l4aRR4z0tyjBE9W0sEZFBNH3Ktut57N319+V0 infra@bzhack.bzh\" \u003e\u003e /root/.ssh/id_rsa.pub\nwrite_files:\n  - path: \"/root/hello.txt\"\n    owner: \"root:root\"\n    permissions: '0644'\n    content: \"This Infrastructure is provided by BZHack! Enjoy!\\n\"",
            "template": "#cloud-config\npackages:\n  - \"bash-completion\"\n  - \"git\"\n  - \"curl\"\n  - \"firewalld\"\npackage_update: true\npackage_upgrade: true\npackage_reboot_if_required: true\nruncmd:\n  #- firewall-cmd --set-default-zone=trusted\n  - loadkeys fr\n  - systemctl enable firewalld --now\n  - firewall-cmd --add-port=2376/tcp --permanent\n  - firewall-cmd --add-port=2377/tcp --permanent\n  - firewall-cmd --add-port=7946/tcp --permanent\n  - firewall-cmd --add-port=7946/udp --permanent\n  - firewall-cmd --add-port=4789/udp --permanent\n  - firewall-cmd --reload\n  - curl -fsSL https://get.docker.com -o /tmp/get-docker.sh\n  - chmod u+x /tmp/get-docker.sh\n  - /tmp/get-docker.sh\n  - systemctl enable docker --now\n  - echo \"${root_sshkey} infra@bzhack.bzh\" \u003e\u003e /root/.ssh/authorized_keys\n  - echo \"${root_sshkey} infra@bzhack.bzh\" \u003e\u003e /root/.ssh/id_rsa.pub\nwrite_files:\n  - path: \"/root/hello.txt\"\n    owner: \"root:root\"\n    permissions: '0644'\n    content: \"This Infrastructure is provided by BZHack! Enjoy!\\n\"",
            "vars": {
              "private_sshkey": "-----BEGIN OPENSSH PRIVATE KEY-----\nb3BlbnNzaC1rZXktdjEAAAAABG5vbmUAAAAEbm9uZQAAAAAAAAABAAAAMwAAAAtz\nc2gtZWQyNTUxOQAAACDcy8euJeGkUeM9LcowRPVtLBGRQTR9yrbreezd9ffldAAA\nAIigiLeKoIi3igAAAAtzc2gtZWQyNTUxOQAAACDcy8euJeGkUeM9LcowRPVtLBGR\nQTR9yrbreezd9ffldAAAAEAst43srUGR2EF9yl7Z3ht47esqXKLlP7Ns9M0YNrOt\nrNzLx64l4aRR4z0tyjBE9W0sEZFBNH3Ktut57N319+V0AAAAAAECAwQF\n-----END OPENSSH PRIVATE KEY-----\n",
              "root_sshkey": "ssh-ed25519 AAAAC3NzaC1lZDI1NTE5AAAAINzLx64l4aRR4z0tyjBE9W0sEZFBNH3Ktut57N319+V0"
            }
          },
          "sensitive_attributes": [
            [
              {
                "type": "get_attr",
                "value": "vars"
              },
              {
                "type": "index",
                "value": {
                  "value": "private_sshkey",
                  "type": "string"
                }
              }
            ]
          ]
        }
      ]
    },
    {
      "mode": "managed",
      "type": "libvirt_cloudinit_disk",
      "name": "commoninit",
      "provider": "provider[\"registry.terraform.io/dmacvicar/libvirt\"]",
      "instances": [
        {
          "schema_version": 0,
          "attributes": {
            "id": "/home/penthium2/vm/terraform/pool/commoninit.iso;36b11d3a-0d31-4d31-a39d-16c8471ace7b",
            "meta_data": "",
            "name": "commoninit.iso",
            "network_config": "",
            "pool": "terraform",
            "user_data": "Content-Type: multipart/mixed; boundary=\"MIMEBOUNDARY\"\nMIME-Version: 1.0\r\n\r\n--MIMEBOUNDARY\r\nContent-Disposition: attachment; filename=\"cloud-init.yaml\"\r\nContent-Transfer-Encoding: 7bit\r\nContent-Type: text/cloud-config\r\nMime-Version: 1.0\r\n\r\n#cloud-config\npackages:\n  - \"bash-completion\"\n  - \"git\"\n  - \"curl\"\n  - \"firewalld\"\npackage_update: true\npackage_upgrade: true\npackage_reboot_if_required: true\nruncmd:\n  #- firewall-cmd --set-default-zone=trusted\n  - loadkeys fr\n  - systemctl enable firewalld --now\n  - firewall-cmd --add-port=2376/tcp --permanent\n  - firewall-cmd --add-port=2377/tcp --permanent\n  - firewall-cmd --add-port=7946/tcp --permanent\n  - firewall-cmd --add-port=7946/udp --permanent\n  - firewall-cmd --add-port=4789/udp --permanent\n  - firewall-cmd --reload\n  - curl -fsSL https://get.docker.com -o /tmp/get-docker.sh\n  - chmod u+x /tmp/get-docker.sh\n  - /tmp/get-docker.sh\n  - systemctl enable docker --now\n  - echo \"ssh-ed25519 AAAAC3NzaC1lZDI1NTE5AAAAINzLx64l4aRR4z0tyjBE9W0sEZFBNH3Ktut57N319+V0 infra@bzhack.bzh\" \u003e\u003e /root/.ssh/authorized_keys\n  - echo \"ssh-ed25519 AAAAC3NzaC1lZDI1NTE5AAAAINzLx64l4aRR4z0tyjBE9W0sEZFBNH3Ktut57N319+V0 infra@bzhack.bzh\" \u003e\u003e /root/.ssh/id_rsa.pub\nwrite_files:\n  - path: \"/root/hello.txt\"\n    owner: \"root:root\"\n    permissions: '0644'\n    content: \"This Infrastructure is provided by BZHack! Enjoy!\\n\"\r\n--MIMEBOUNDARY--\r\n"
          },
          "sensitive_attributes": [],
          "private": "bnVsbA==",
          "dependencies": [
            "data.cloudinit_config.conf",
            "data.template_file.cloudinit",
            "libvirt_pool.terraform",
            "tls_private_key.terrafrom_generated_private_key"
          ]
        }
      ]
    },
    {
      "mode": "managed",
      "type": "libvirt_domain",
      "name": "dynamic",
      "provider": "provider[\"registry.terraform.io/dmacvicar/libvirt\"]",
      "instances": [
        {
          "index_key": 0,
          "schema_version": 0,
          "attributes": {
            "arch": "x86_64",
            "autostart": null,
            "boot_device": [],
            "cloudinit": "/home/penthium2/vm/terraform/pool/commoninit.iso;36b11d3a-0d31-4d31-a39d-16c8471ace7b",
            "cmdline": null,
            "console": [
              {
                "source_host": "127.0.0.1",
                "source_path": "",
                "source_service": "0",
                "target_port": "0",
                "target_type": "serial",
                "type": "pty"
              }
            ],
            "coreos_ignition": null,
            "cpu": [],
            "description": "",
            "disk": [
              {
                "block_device": "",
                "file": "",
                "scsi": false,
                "url": "",
                "volume_id": "/home/penthium2/vm/terraform/pool/vm0.qcow2",
                "wwn": ""
              }
            ],
            "emulator": "/usr/bin/qemu-system-x86_64",
            "filesystem": [],
            "firmware": "",
            "fw_cfg_name": "opt/com.coreos/config",
            "graphics": [],
            "id": "a906b6c9-eb05-4d4e-a4be-83a0eeb4f3e6",
            "initrd": "",
            "kernel": "",
            "machine": "pc",
            "memory": 4096,
            "metadata": null,
            "name": "vm0",
            "network_interface": [
              {
                "addresses": [
                  "192.168.124.43"
                ],
                "bridge": "",
                "hostname": "",
                "mac": "52:54:00:22:8A:04",
                "macvtap": "",
                "network_id": "ed042b90-716e-43f3-8e05-8ff00eee92f9",
                "network_name": "default",
                "passthrough": "",
                "vepa": "",
                "wait_for_lease": true
              }
            ],
            "nvram": [],
            "qemu_agent": false,
            "running": true,
            "timeouts": null,
            "tpm": [],
            "vcpu": 4,
            "video": [],
            "xml": []
          },
          "sensitive_attributes": [],
          "private": "eyJlMmJmYjczMC1lY2FhLTExZTYtOGY4OC0zNDM2M2JjN2M0YzAiOnsiY3JlYXRlIjozMDAwMDAwMDAwMDB9fQ==",
          "dependencies": [
            "data.cloudinit_config.conf",
            "data.template_file.cloudinit",
            "libvirt_cloudinit_disk.commoninit",
            "libvirt_pool.terraform",
            "libvirt_volume.dynamic",
            "libvirt_volume.final_dynamic",
            "tls_private_key.terrafrom_generated_private_key"
          ]
        },
        {
          "index_key": 1,
          "schema_version": 0,
          "attributes": {
            "arch": "x86_64",
            "autostart": null,
            "boot_device": [],
            "cloudinit": "/home/penthium2/vm/terraform/pool/commoninit.iso;36b11d3a-0d31-4d31-a39d-16c8471ace7b",
            "cmdline": null,
            "console": [
              {
                "source_host": "127.0.0.1",
                "source_path": "",
                "source_service": "0",
                "target_port": "0",
                "target_type": "serial",
                "type": "pty"
              }
            ],
            "coreos_ignition": null,
            "cpu": [],
            "description": "",
            "disk": [
              {
                "block_device": "",
                "file": "",
                "scsi": false,
                "url": "",
                "volume_id": "/home/penthium2/vm/terraform/pool/vm1.qcow2",
                "wwn": ""
              }
            ],
            "emulator": "/usr/bin/qemu-system-x86_64",
            "filesystem": [],
            "firmware": "",
            "fw_cfg_name": "opt/com.coreos/config",
            "graphics": [],
            "id": "da52461e-43ac-4061-b7b5-c68e78438567",
            "initrd": "",
            "kernel": "",
            "machine": "pc",
            "memory": 4096,
            "metadata": null,
            "name": "vm1",
            "network_interface": [
              {
                "addresses": [
                  "192.168.124.231"
                ],
                "bridge": "",
                "hostname": "",
                "mac": "52:54:00:EE:F6:59",
                "macvtap": "",
                "network_id": "ed042b90-716e-43f3-8e05-8ff00eee92f9",
                "network_name": "default",
                "passthrough": "",
                "vepa": "",
                "wait_for_lease": true
              }
            ],
            "nvram": [],
            "qemu_agent": false,
            "running": true,
            "timeouts": null,
            "tpm": [],
            "vcpu": 4,
            "video": [],
            "xml": []
          },
          "sensitive_attributes": [],
          "private": "eyJlMmJmYjczMC1lY2FhLTExZTYtOGY4OC0zNDM2M2JjN2M0YzAiOnsiY3JlYXRlIjozMDAwMDAwMDAwMDB9fQ==",
          "dependencies": [
            "data.cloudinit_config.conf",
            "data.template_file.cloudinit",
            "libvirt_cloudinit_disk.commoninit",
            "libvirt_pool.terraform",
            "libvirt_volume.dynamic",
            "libvirt_volume.final_dynamic",
            "tls_private_key.terrafrom_generated_private_key"
          ]
        },
        {
          "index_key": 2,
          "schema_version": 0,
          "attributes": {
            "arch": "x86_64",
            "autostart": null,
            "boot_device": [],
            "cloudinit": "/home/penthium2/vm/terraform/pool/commoninit.iso;36b11d3a-0d31-4d31-a39d-16c8471ace7b",
            "cmdline": null,
            "console": [
              {
                "source_host": "127.0.0.1",
                "source_path": "",
                "source_service": "0",
                "target_port": "0",
                "target_type": "serial",
                "type": "pty"
              }
            ],
            "coreos_ignition": null,
            "cpu": [],
            "description": "",
            "disk": [
              {
                "block_device": "",
                "file": "",
                "scsi": false,
                "url": "",
                "volume_id": "/home/penthium2/vm/terraform/pool/vm2.qcow2",
                "wwn": ""
              }
            ],
            "emulator": "/usr/bin/qemu-system-x86_64",
            "filesystem": [],
            "firmware": "",
            "fw_cfg_name": "opt/com.coreos/config",
            "graphics": [],
            "id": "3c8e0111-2283-4fb6-bab1-c0551f3c8d8b",
            "initrd": "",
            "kernel": "",
            "machine": "pc",
            "memory": 4096,
            "metadata": null,
            "name": "vm2",
            "network_interface": [
              {
                "addresses": [
                  "192.168.124.222"
                ],
                "bridge": "",
                "hostname": "",
                "mac": "52:54:00:46:3A:5E",
                "macvtap": "",
                "network_id": "ed042b90-716e-43f3-8e05-8ff00eee92f9",
                "network_name": "default",
                "passthrough": "",
                "vepa": "",
                "wait_for_lease": true
              }
            ],
            "nvram": [],
            "qemu_agent": false,
            "running": true,
            "timeouts": null,
            "tpm": [],
            "vcpu": 4,
            "video": [],
            "xml": []
          },
          "sensitive_attributes": [],
          "private": "eyJlMmJmYjczMC1lY2FhLTExZTYtOGY4OC0zNDM2M2JjN2M0YzAiOnsiY3JlYXRlIjozMDAwMDAwMDAwMDB9fQ==",
          "dependencies": [
            "data.cloudinit_config.conf",
            "data.template_file.cloudinit",
            "libvirt_cloudinit_disk.commoninit",
            "libvirt_pool.terraform",
            "libvirt_volume.dynamic",
            "libvirt_volume.final_dynamic",
            "tls_private_key.terrafrom_generated_private_key"
          ]
        }
      ]
    },
    {
      "mode": "managed",
      "type": "libvirt_pool",
      "name": "terraform",
      "provider": "provider[\"registry.terraform.io/dmacvicar/libvirt\"]",
      "instances": [
        {
          "schema_version": 0,
          "attributes": {
            "allocation": 322824044544,
            "available": null,
            "capacity": 633101778944,
            "id": "95ddbb83-bf92-4a53-9914-5f0de942b6dd",
            "name": "terraform",
            "path": "/home/penthium2/vm/terraform/pool",
            "type": "dir",
            "xml": []
          },
          "sensitive_attributes": [],
          "private": "bnVsbA=="
        }
      ]
    },
    {
      "mode": "managed",
      "type": "libvirt_volume",
      "name": "dynamic",
      "provider": "provider[\"registry.terraform.io/dmacvicar/libvirt\"]",
      "instances": [
        {
          "index_key": 0,
          "schema_version": 0,
          "attributes": {
            "base_volume_id": null,
            "base_volume_name": null,
            "base_volume_pool": null,
            "format": "qcow2",
            "id": "/home/penthium2/vm/terraform/pool/vm0",
            "name": "vm0",
            "pool": "terraform",
            "size": 5368709120,
            "source": "/home/penthium2/vm/Fedora-Cloud-Base-38-1.6.x86_64.qcow2",
            "xml": []
          },
          "sensitive_attributes": [],
          "private": "bnVsbA==",
          "dependencies": [
            "libvirt_pool.terraform"
          ]
        },
        {
          "index_key": 1,
          "schema_version": 0,
          "attributes": {
            "base_volume_id": null,
            "base_volume_name": null,
            "base_volume_pool": null,
            "format": "qcow2",
            "id": "/home/penthium2/vm/terraform/pool/vm1",
            "name": "vm1",
            "pool": "terraform",
            "size": 5368709120,
            "source": "/home/penthium2/vm/Fedora-Cloud-Base-38-1.6.x86_64.qcow2",
            "xml": []
          },
          "sensitive_attributes": [],
          "private": "bnVsbA==",
          "dependencies": [
            "libvirt_pool.terraform"
          ]
        },
        {
          "index_key": 2,
          "schema_version": 0,
          "attributes": {
            "base_volume_id": null,
            "base_volume_name": null,
            "base_volume_pool": null,
            "format": "qcow2",
            "id": "/home/penthium2/vm/terraform/pool/vm2",
            "name": "vm2",
            "pool": "terraform",
            "size": 5368709120,
            "source": "/home/penthium2/vm/Fedora-Cloud-Base-38-1.6.x86_64.qcow2",
            "xml": []
          },
          "sensitive_attributes": [],
          "private": "bnVsbA==",
          "dependencies": [
            "libvirt_pool.terraform"
          ]
        }
      ]
    },
    {
      "mode": "managed",
      "type": "libvirt_volume",
      "name": "final_dynamic",
      "provider": "provider[\"registry.terraform.io/dmacvicar/libvirt\"]",
      "instances": [
        {
          "index_key": 0,
          "schema_version": 0,
          "attributes": {
            "base_volume_id": "/home/penthium2/vm/terraform/pool/vm0",
            "base_volume_name": null,
            "base_volume_pool": null,
            "format": "qcow2",
            "id": "/home/penthium2/vm/terraform/pool/vm0.qcow2",
            "name": "vm0.qcow2",
            "pool": "terraform",
            "size": 15032385536,
            "source": null,
            "xml": []
          },
          "sensitive_attributes": [],
          "private": "bnVsbA==",
          "dependencies": [
            "libvirt_pool.terraform",
            "libvirt_volume.dynamic"
          ]
        },
        {
          "index_key": 1,
          "schema_version": 0,
          "attributes": {
            "base_volume_id": "/home/penthium2/vm/terraform/pool/vm1",
            "base_volume_name": null,
            "base_volume_pool": null,
            "format": "qcow2",
            "id": "/home/penthium2/vm/terraform/pool/vm1.qcow2",
            "name": "vm1.qcow2",
            "pool": "terraform",
            "size": 15032385536,
            "source": null,
            "xml": []
          },
          "sensitive_attributes": [],
          "private": "bnVsbA==",
          "dependencies": [
            "libvirt_pool.terraform",
            "libvirt_volume.dynamic"
          ]
        },
        {
          "index_key": 2,
          "schema_version": 0,
          "attributes": {
            "base_volume_id": "/home/penthium2/vm/terraform/pool/vm2",
            "base_volume_name": null,
            "base_volume_pool": null,
            "format": "qcow2",
            "id": "/home/penthium2/vm/terraform/pool/vm2.qcow2",
            "name": "vm2.qcow2",
            "pool": "terraform",
            "size": 15032385536,
            "source": null,
            "xml": []
          },
          "sensitive_attributes": [],
          "private": "bnVsbA==",
          "dependencies": [
            "libvirt_pool.terraform",
            "libvirt_volume.dynamic"
          ]
        }
      ]
    },
    {
      "mode": "managed",
      "type": "local_sensitive_file",
      "name": "private_key",
      "provider": "provider[\"registry.terraform.io/hashicorp/local\"]",
      "instances": [
        {
          "schema_version": 0,
          "attributes": {
            "content": "-----BEGIN OPENSSH PRIVATE KEY-----\nb3BlbnNzaC1rZXktdjEAAAAABG5vbmUAAAAEbm9uZQAAAAAAAAABAAAAMwAAAAtz\nc2gtZWQyNTUxOQAAACDcy8euJeGkUeM9LcowRPVtLBGRQTR9yrbreezd9ffldAAA\nAIigiLeKoIi3igAAAAtzc2gtZWQyNTUxOQAAACDcy8euJeGkUeM9LcowRPVtLBGR\nQTR9yrbreezd9ffldAAAAEAst43srUGR2EF9yl7Z3ht47esqXKLlP7Ns9M0YNrOt\nrNzLx64l4aRR4z0tyjBE9W0sEZFBNH3Ktut57N319+V0AAAAAAECAwQF\n-----END OPENSSH PRIVATE KEY-----\n",
            "content_base64": null,
            "content_base64sha256": "DNjC8L7zPK8npyCPeitIjoaScGntYWzMv/iv2gvvMoY=",
            "content_base64sha512": "ezVIHWXlPEOBybIWjbvjVHL6ichz3Fml9/gutK1Np4Di2YwTsL7BI1ssx27Ra14nEVitAUKxicUvsj9BqD7TcQ==",
            "content_md5": "cec3138cbed5fc6c99f2caa95177f41b",
            "content_sha1": "05649c9cb7f24a90c8cc8aac2e758b213a333822",
            "content_sha256": "0cd8c2f0bef33caf27a7208f7a2b488e86927069ed616cccbff8afda0bef3286",
            "content_sha512": "7b35481d65e53c4381c9b2168dbbe35472fa89c873dc59a5f7f82eb4ad4da780e2d98c13b0bec1235b2cc76ed16b5e271158ad0142b189c52fb23f41a83ed371",
            "directory_permission": "0700",
            "file_permission": "400",
            "filename": "private_key.pem",
            "id": "05649c9cb7f24a90c8cc8aac2e758b213a333822",
            "source": null
          },
          "sensitive_attributes": [
            [
              {
                "type": "get_attr",
                "value": "content"
              }
            ]
          ],
          "dependencies": [
            "tls_private_key.terrafrom_generated_private_key"
          ]
        }
      ]
    },
    {
      "mode": "managed",
      "type": "swarm_cluster",
      "name": "cluster",
      "provider": "provider[\"registry.terraform.io/aucloud/swarm\"]",
      "instances": [
        {
          "schema_version": 0,
          "attributes": {
            "created_at": "2023-11-02T09:22:22.196694008Z",
            "id": "t2k1oihm8h2l1nkztn8q1e26w",
            "nodes": [
              {
                "hostname": "vm0",
                "private_address": "192.168.124.43",
                "public_address": "192.168.124.43",
                "tags": {
                  "role": "manager"
                }
              },
              {
                "hostname": "vm1",
                "private_address": "192.168.124.231",
                "public_address": "192.168.124.231",
                "tags": {
                  "role": "manager"
                }
              },
              {
                "hostname": "vm2",
                "private_address": "192.168.124.222",
                "public_address": "192.168.124.222",
                "tags": {
                  "role": "manager"
                }
              }
            ],
            "skip_manager_validation": true,
            "updated_at": null
          },
          "sensitive_attributes": [],
          "private": "bnVsbA==",
          "dependencies": [
            "data.cloudinit_config.conf",
            "data.template_file.cloudinit",
            "libvirt_cloudinit_disk.commoninit",
            "libvirt_domain.dynamic",
            "libvirt_pool.terraform",
            "libvirt_volume.dynamic",
            "libvirt_volume.final_dynamic",
            "tls_private_key.terrafrom_generated_private_key"
          ]
        }
      ]
    },
    {
      "mode": "managed",
      "type": "tls_private_key",
      "name": "terrafrom_generated_private_key",
      "provider": "provider[\"registry.terraform.io/hashicorp/tls\"]",
      "instances": [
        {
          "schema_version": 1,
          "attributes": {
            "algorithm": "ED25519",
            "ecdsa_curve": "P224",
            "id": "e0fa9e5a86a07094a76edc58f97a082110af3f7a",
            "private_key_openssh": "-----BEGIN OPENSSH PRIVATE KEY-----\nb3BlbnNzaC1rZXktdjEAAAAABG5vbmUAAAAEbm9uZQAAAAAAAAABAAAAMwAAAAtz\nc2gtZWQyNTUxOQAAACDcy8euJeGkUeM9LcowRPVtLBGRQTR9yrbreezd9ffldAAA\nAIigiLeKoIi3igAAAAtzc2gtZWQyNTUxOQAAACDcy8euJeGkUeM9LcowRPVtLBGR\nQTR9yrbreezd9ffldAAAAEAst43srUGR2EF9yl7Z3ht47esqXKLlP7Ns9M0YNrOt\nrNzLx64l4aRR4z0tyjBE9W0sEZFBNH3Ktut57N319+V0AAAAAAECAwQF\n-----END OPENSSH PRIVATE KEY-----\n",
            "private_key_pem": "-----BEGIN PRIVATE KEY-----\nMC4CAQAwBQYDK2VwBCIEICy3jeytQZHYQX3KXtneG3jt6ypcouU/s2z0zRg2s62s\n-----END PRIVATE KEY-----\n",
            "private_key_pem_pkcs8": "-----BEGIN PRIVATE KEY-----\nMC4CAQAwBQYDK2VwBCIEICy3jeytQZHYQX3KXtneG3jt6ypcouU/s2z0zRg2s62s\n-----END PRIVATE KEY-----\n",
            "public_key_fingerprint_md5": "12:d0:3f:38:c8:06:49:01:64:02:e5:d9:d1:b4:c4:7f",
            "public_key_fingerprint_sha256": "SHA256:TrrNRGB5kdW77Srcwa1WMe8ojh+9B9fS4spF7n+rd7Q",
            "public_key_openssh": "ssh-ed25519 AAAAC3NzaC1lZDI1NTE5AAAAINzLx64l4aRR4z0tyjBE9W0sEZFBNH3Ktut57N319+V0\n",
            "public_key_pem": "-----BEGIN PUBLIC KEY-----\nMCowBQYDK2VwAyEA3MvHriXhpFHjPS3KMET1bSwRkUE0fcq263ns3fX35XQ=\n-----END PUBLIC KEY-----\n",
            "rsa_bits": 2048
          },
          "sensitive_attributes": []
        }
      ]
    }
  ],
  "check_results": null
}
