{
  "version": 4,
  "terraform_version": "1.6.2",
  "serial": 242,
  "lineage": "0bb363e9-10e2-22e4-3817-2591a11fa918",
  "outputs": {
    "private_ip": {
      "value": [
        [
          [
            "192.168.124.67"
          ]
        ],
        [
          [
            "192.168.124.175"
          ]
        ]
      ],
      "type": [
        "tuple",
        [
          [
            "list",
            [
              "list",
              "string"
            ]
          ],
          [
            "list",
            [
              "list",
              "string"
            ]
          ]
        ]
      ]
    }
  },
  "resources": [
    {
      "mode": "data",
      "type": "cloudinit_config",
      "name": "conf",
      "provider": "provider[\"registry.terraform.io/hashicorp/cloudinit\"]",
      "instances": [
        {
          "schema_version": 0,
          "attributes": {
            "base64_encode": false,
            "boundary": "MIMEBOUNDARY",
            "gzip": false,
            "id": "3780177806",
            "part": [
              {
                "content": "#cloud-config\n#packages:\n#  - \"wget\"\n#  - \"bash-completion\"\n#  - \"git\"\n\n#package_update: true\n#package_upgrade: true\n#package_reboot_if_required: true\n\nwrite_files:\n  - path: \"/root/hello.txt\"\n    owner: \"root:root\"\n    permissions: '0644'\n    content: \"This Infrastructure is provided by BZHack! Enjoy!\\n\"\nruncmd:\n  - loadkeys fr\n  - echo \"ssh-ed25519 AAAAC3NzaC1lZDI1NTE5AAAAIAd8J3OuWAbyDDNWB5oPjfq/S2ujHQilnIrP7czRp4zW infra@bzhack.bzh\" \u003e\u003e /root/.ssh/authorized_keys\n  - echo \"ssh-ed25519 AAAAC3NzaC1lZDI1NTE5AAAAIAd8J3OuWAbyDDNWB5oPjfq/S2ujHQilnIrP7czRp4zW infra@bzhack.bzh\" \u003e\u003e /root/.ssh/id_rsa.pub",
                "content_type": "text/cloud-config",
                "filename": "cloud-init.yaml",
                "merge_type": null
              }
            ],
            "rendered": "Content-Type: multipart/mixed; boundary=\"MIMEBOUNDARY\"\nMIME-Version: 1.0\r\n\r\n--MIMEBOUNDARY\r\nContent-Disposition: attachment; filename=\"cloud-init.yaml\"\r\nContent-Transfer-Encoding: 7bit\r\nContent-Type: text/cloud-config\r\nMime-Version: 1.0\r\n\r\n#cloud-config\n#packages:\n#  - \"wget\"\n#  - \"bash-completion\"\n#  - \"git\"\n\n#package_update: true\n#package_upgrade: true\n#package_reboot_if_required: true\n\nwrite_files:\n  - path: \"/root/hello.txt\"\n    owner: \"root:root\"\n    permissions: '0644'\n    content: \"This Infrastructure is provided by BZHack! Enjoy!\\n\"\nruncmd:\n  - loadkeys fr\n  - echo \"ssh-ed25519 AAAAC3NzaC1lZDI1NTE5AAAAIAd8J3OuWAbyDDNWB5oPjfq/S2ujHQilnIrP7czRp4zW infra@bzhack.bzh\" \u003e\u003e /root/.ssh/authorized_keys\n  - echo \"ssh-ed25519 AAAAC3NzaC1lZDI1NTE5AAAAIAd8J3OuWAbyDDNWB5oPjfq/S2ujHQilnIrP7czRp4zW infra@bzhack.bzh\" \u003e\u003e /root/.ssh/id_rsa.pub\r\n--MIMEBOUNDARY--\r\n"
          },
          "sensitive_attributes": []
        }
      ]
    },
    {
      "mode": "data",
      "type": "template_file",
      "name": "cloudinit",
      "provider": "provider[\"registry.terraform.io/hashicorp/template\"]",
      "instances": [
        {
          "schema_version": 0,
          "attributes": {
            "filename": null,
            "id": "cf9461bded460bfbcfe0c753d3c435f842abda600f37bc104a5a332a6fbdb830",
            "rendered": "#cloud-config\n#packages:\n#  - \"wget\"\n#  - \"bash-completion\"\n#  - \"git\"\n\n#package_update: true\n#package_upgrade: true\n#package_reboot_if_required: true\n\nwrite_files:\n  - path: \"/root/hello.txt\"\n    owner: \"root:root\"\n    permissions: '0644'\n    content: \"This Infrastructure is provided by BZHack! Enjoy!\\n\"\nruncmd:\n  - loadkeys fr\n  - echo \"ssh-ed25519 AAAAC3NzaC1lZDI1NTE5AAAAIAd8J3OuWAbyDDNWB5oPjfq/S2ujHQilnIrP7czRp4zW infra@bzhack.bzh\" \u003e\u003e /root/.ssh/authorized_keys\n  - echo \"ssh-ed25519 AAAAC3NzaC1lZDI1NTE5AAAAIAd8J3OuWAbyDDNWB5oPjfq/S2ujHQilnIrP7czRp4zW infra@bzhack.bzh\" \u003e\u003e /root/.ssh/id_rsa.pub",
            "template": "#cloud-config\n#packages:\n#  - \"wget\"\n#  - \"bash-completion\"\n#  - \"git\"\n\n#package_update: true\n#package_upgrade: true\n#package_reboot_if_required: true\n\nwrite_files:\n  - path: \"/root/hello.txt\"\n    owner: \"root:root\"\n    permissions: '0644'\n    content: \"This Infrastructure is provided by BZHack! Enjoy!\\n\"\nruncmd:\n  - loadkeys fr\n  - echo \"${root_sshkey} infra@bzhack.bzh\" \u003e\u003e /root/.ssh/authorized_keys\n  - echo \"${root_sshkey} infra@bzhack.bzh\" \u003e\u003e /root/.ssh/id_rsa.pub",
            "vars": {
              "private_sshkey": "-----BEGIN OPENSSH PRIVATE KEY-----\nb3BlbnNzaC1rZXktdjEAAAAABG5vbmUAAAAEbm9uZQAAAAAAAAABAAAAMwAAAAtz\nc2gtZWQyNTUxOQAAACAHfCdzrlgG8gwzVgeaD436v0trox0IpZyKz+3M0aeM1gAA\nAIjp05Io6dOSKAAAAAtzc2gtZWQyNTUxOQAAACAHfCdzrlgG8gwzVgeaD436v0tr\nox0IpZyKz+3M0aeM1gAAAEAGE/QtdbZQmsvUYSF6em1rh8K1ng6DpqoghTZoywsU\n+Ad8J3OuWAbyDDNWB5oPjfq/S2ujHQilnIrP7czRp4zWAAAAAAECAwQF\n-----END OPENSSH PRIVATE KEY-----\n",
              "root_sshkey": "ssh-ed25519 AAAAC3NzaC1lZDI1NTE5AAAAIAd8J3OuWAbyDDNWB5oPjfq/S2ujHQilnIrP7czRp4zW"
            }
          },
          "sensitive_attributes": [
            [
              {
                "type": "get_attr",
                "value": "vars"
              },
              {
                "type": "index",
                "value": {
                  "value": "private_sshkey",
                  "type": "string"
                }
              }
            ]
          ]
        }
      ]
    },
    {
      "mode": "managed",
      "type": "libvirt_cloudinit_disk",
      "name": "commoninit",
      "provider": "provider[\"registry.terraform.io/dmacvicar/libvirt\"]",
      "instances": [
        {
          "schema_version": 0,
          "attributes": {
            "id": "/home/penthium2/vm/terraform/pool/commoninit.iso;2dddff39-eb55-4eb0-8341-90300c506836",
            "meta_data": "",
            "name": "commoninit.iso",
            "network_config": "",
            "pool": "terraform",
            "user_data": "Content-Type: multipart/mixed; boundary=\"MIMEBOUNDARY\"\nMIME-Version: 1.0\r\n\r\n--MIMEBOUNDARY\r\nContent-Disposition: attachment; filename=\"cloud-init.yaml\"\r\nContent-Transfer-Encoding: 7bit\r\nContent-Type: text/cloud-config\r\nMime-Version: 1.0\r\n\r\n#cloud-config\n#packages:\n#  - \"wget\"\n#  - \"bash-completion\"\n#  - \"git\"\n\n#package_update: true\n#package_upgrade: true\n#package_reboot_if_required: true\n\nwrite_files:\n  - path: \"/root/hello.txt\"\n    owner: \"root:root\"\n    permissions: '0644'\n    content: \"This Infrastructure is provided by BZHack! Enjoy!\\n\"\nruncmd:\n  - loadkeys fr\n  - echo \"ssh-ed25519 AAAAC3NzaC1lZDI1NTE5AAAAIAd8J3OuWAbyDDNWB5oPjfq/S2ujHQilnIrP7czRp4zW infra@bzhack.bzh\" \u003e\u003e /root/.ssh/authorized_keys\n  - echo \"ssh-ed25519 AAAAC3NzaC1lZDI1NTE5AAAAIAd8J3OuWAbyDDNWB5oPjfq/S2ujHQilnIrP7czRp4zW infra@bzhack.bzh\" \u003e\u003e /root/.ssh/id_rsa.pub\r\n--MIMEBOUNDARY--\r\n"
          },
          "sensitive_attributes": [],
          "private": "bnVsbA==",
          "dependencies": [
            "data.cloudinit_config.conf",
            "data.template_file.cloudinit",
            "libvirt_pool.terraform",
            "tls_private_key.terrafrom_generated_private_key"
          ]
        }
      ]
    },
    {
      "mode": "managed",
      "type": "libvirt_domain",
      "name": "dynamic",
      "provider": "provider[\"registry.terraform.io/dmacvicar/libvirt\"]",
      "instances": [
        {
          "index_key": 0,
          "schema_version": 0,
          "attributes": {
            "arch": "x86_64",
            "autostart": null,
            "boot_device": [],
            "cloudinit": "/home/penthium2/vm/terraform/pool/commoninit.iso;2dddff39-eb55-4eb0-8341-90300c506836",
            "cmdline": null,
            "console": [
              {
                "source_host": "127.0.0.1",
                "source_path": "",
                "source_service": "0",
                "target_port": "0",
                "target_type": "serial",
                "type": "pty"
              }
            ],
            "coreos_ignition": null,
            "cpu": [],
            "description": "",
            "disk": [
              {
                "block_device": "",
                "file": "",
                "scsi": false,
                "url": "",
                "volume_id": "/home/penthium2/vm/terraform/pool/vm0.qcow2",
                "wwn": ""
              }
            ],
            "emulator": "/usr/bin/qemu-system-x86_64",
            "filesystem": [],
            "firmware": "",
            "fw_cfg_name": "opt/com.coreos/config",
            "graphics": [],
            "id": "496f4ab1-dc03-4b67-961e-966b0eb1c838",
            "initrd": "",
            "kernel": "",
            "machine": "pc",
            "memory": 2028,
            "metadata": null,
            "name": "vm0",
            "network_interface": [
              {
                "addresses": [
                  "192.168.124.67"
                ],
                "bridge": "",
                "hostname": "",
                "mac": "52:54:00:16:60:1A",
                "macvtap": "",
                "network_id": "ed042b90-716e-43f3-8e05-8ff00eee92f9",
                "network_name": "default",
                "passthrough": "",
                "vepa": "",
                "wait_for_lease": true
              }
            ],
            "nvram": [],
            "qemu_agent": false,
            "running": true,
            "timeouts": null,
            "tpm": [],
            "vcpu": 1,
            "video": [],
            "xml": []
          },
          "sensitive_attributes": [],
          "private": "eyJlMmJmYjczMC1lY2FhLTExZTYtOGY4OC0zNDM2M2JjN2M0YzAiOnsiY3JlYXRlIjozMDAwMDAwMDAwMDB9fQ==",
          "dependencies": [
            "data.cloudinit_config.conf",
            "data.template_file.cloudinit",
            "libvirt_cloudinit_disk.commoninit",
            "libvirt_pool.terraform",
            "libvirt_volume.dynamic",
            "tls_private_key.terrafrom_generated_private_key"
          ]
        },
        {
          "index_key": 1,
          "schema_version": 0,
          "attributes": {
            "arch": "x86_64",
            "autostart": null,
            "boot_device": [],
            "cloudinit": "/home/penthium2/vm/terraform/pool/commoninit.iso;2dddff39-eb55-4eb0-8341-90300c506836",
            "cmdline": null,
            "console": [
              {
                "source_host": "127.0.0.1",
                "source_path": "",
                "source_service": "0",
                "target_port": "0",
                "target_type": "serial",
                "type": "pty"
              }
            ],
            "coreos_ignition": null,
            "cpu": [],
            "description": "",
            "disk": [
              {
                "block_device": "",
                "file": "",
                "scsi": false,
                "url": "",
                "volume_id": "/home/penthium2/vm/terraform/pool/vm1.qcow2",
                "wwn": ""
              }
            ],
            "emulator": "/usr/bin/qemu-system-x86_64",
            "filesystem": [],
            "firmware": "",
            "fw_cfg_name": "opt/com.coreos/config",
            "graphics": [],
            "id": "0454ad98-b339-4137-a088-f86a51e88ed8",
            "initrd": "",
            "kernel": "",
            "machine": "pc",
            "memory": 2028,
            "metadata": null,
            "name": "vm1",
            "network_interface": [
              {
                "addresses": [
                  "192.168.124.175"
                ],
                "bridge": "",
                "hostname": "",
                "mac": "52:54:00:5E:3D:40",
                "macvtap": "",
                "network_id": "ed042b90-716e-43f3-8e05-8ff00eee92f9",
                "network_name": "default",
                "passthrough": "",
                "vepa": "",
                "wait_for_lease": true
              }
            ],
            "nvram": [],
            "qemu_agent": false,
            "running": true,
            "timeouts": null,
            "tpm": [],
            "vcpu": 1,
            "video": [],
            "xml": []
          },
          "sensitive_attributes": [],
          "private": "eyJlMmJmYjczMC1lY2FhLTExZTYtOGY4OC0zNDM2M2JjN2M0YzAiOnsiY3JlYXRlIjozMDAwMDAwMDAwMDB9fQ==",
          "dependencies": [
            "data.cloudinit_config.conf",
            "data.template_file.cloudinit",
            "libvirt_cloudinit_disk.commoninit",
            "libvirt_pool.terraform",
            "libvirt_volume.dynamic",
            "tls_private_key.terrafrom_generated_private_key"
          ]
        }
      ]
    },
    {
      "mode": "managed",
      "type": "libvirt_pool",
      "name": "terraform",
      "provider": "provider[\"registry.terraform.io/dmacvicar/libvirt\"]",
      "instances": [
        {
          "schema_version": 0,
          "attributes": {
            "allocation": 323513532416,
            "available": null,
            "capacity": 633101778944,
            "id": "65ed40f9-e806-47ec-a2e8-9c7364b92e8a",
            "name": "terraform",
            "path": "/home/penthium2/vm/terraform/pool",
            "type": "dir",
            "xml": []
          },
          "sensitive_attributes": [],
          "private": "bnVsbA=="
        }
      ]
    },
    {
      "mode": "managed",
      "type": "libvirt_volume",
      "name": "dynamic",
      "provider": "provider[\"registry.terraform.io/dmacvicar/libvirt\"]",
      "instances": [
        {
          "index_key": 0,
          "schema_version": 0,
          "attributes": {
            "base_volume_id": null,
            "base_volume_name": null,
            "base_volume_pool": null,
            "format": "qcow2",
            "id": "/home/penthium2/vm/terraform/pool/vm0.qcow2",
            "name": "vm0.qcow2",
            "pool": "terraform",
            "size": 5368709120,
            "source": "/home/penthium2/vm/Fedora-Cloud-Base-38-1.6.x86_64.qcow2",
            "xml": []
          },
          "sensitive_attributes": [],
          "private": "bnVsbA==",
          "dependencies": [
            "libvirt_pool.terraform"
          ]
        },
        {
          "index_key": 1,
          "schema_version": 0,
          "attributes": {
            "base_volume_id": null,
            "base_volume_name": null,
            "base_volume_pool": null,
            "format": "qcow2",
            "id": "/home/penthium2/vm/terraform/pool/vm1.qcow2",
            "name": "vm1.qcow2",
            "pool": "terraform",
            "size": 5368709120,
            "source": "/home/penthium2/vm/Fedora-Cloud-Base-38-1.6.x86_64.qcow2",
            "xml": []
          },
          "sensitive_attributes": [],
          "private": "bnVsbA==",
          "dependencies": [
            "libvirt_pool.terraform"
          ]
        }
      ]
    },
    {
      "mode": "managed",
      "type": "local_sensitive_file",
      "name": "private_key",
      "provider": "provider[\"registry.terraform.io/hashicorp/local\"]",
      "instances": [
        {
          "schema_version": 0,
          "attributes": {
            "content": "-----BEGIN OPENSSH PRIVATE KEY-----\nb3BlbnNzaC1rZXktdjEAAAAABG5vbmUAAAAEbm9uZQAAAAAAAAABAAAAMwAAAAtz\nc2gtZWQyNTUxOQAAACAHfCdzrlgG8gwzVgeaD436v0trox0IpZyKz+3M0aeM1gAA\nAIjp05Io6dOSKAAAAAtzc2gtZWQyNTUxOQAAACAHfCdzrlgG8gwzVgeaD436v0tr\nox0IpZyKz+3M0aeM1gAAAEAGE/QtdbZQmsvUYSF6em1rh8K1ng6DpqoghTZoywsU\n+Ad8J3OuWAbyDDNWB5oPjfq/S2ujHQilnIrP7czRp4zWAAAAAAECAwQF\n-----END OPENSSH PRIVATE KEY-----\n",
            "content_base64": null,
            "content_base64sha256": "CSUud0mAPPUKhNWbN3eHrDE/DoJwAJLsN5aW52LQxTk=",
            "content_base64sha512": "HN0kxjLxe3JCN7YgA49EPfyM+1KM9dS72P07dSoagBRBZ9ADudb0C1SWwEHpdFJnzO8j/s+01bwbJSJ8TIXn8w==",
            "content_md5": "4575c65f8c1b7009412df9dc5c8945b3",
            "content_sha1": "ef2bea9b65d538e7d200bf3f2184a34167a91bf8",
            "content_sha256": "09252e7749803cf50a84d59b377787ac313f0e82700092ec379696e762d0c539",
            "content_sha512": "1cdd24c632f17b724237b620038f443dfc8cfb528cf5d4bbd8fd3b752a1a80144167d003b9d6f40b5496c041e9745267ccef23fecfb4d5bc1b25227c4c85e7f3",
            "directory_permission": "0700",
            "file_permission": "400",
            "filename": "private_key.pem",
            "id": "ef2bea9b65d538e7d200bf3f2184a34167a91bf8",
            "source": null
          },
          "sensitive_attributes": [
            [
              {
                "type": "get_attr",
                "value": "content"
              }
            ]
          ],
          "dependencies": [
            "tls_private_key.terrafrom_generated_private_key"
          ]
        }
      ]
    },
    {
      "mode": "managed",
      "type": "tls_private_key",
      "name": "terrafrom_generated_private_key",
      "provider": "provider[\"registry.terraform.io/hashicorp/tls\"]",
      "instances": [
        {
          "schema_version": 1,
          "attributes": {
            "algorithm": "ED25519",
            "ecdsa_curve": "P224",
            "id": "cb9a1fb1a73178fc086a2de1ca2b2d0a9ef7c689",
            "private_key_openssh": "-----BEGIN OPENSSH PRIVATE KEY-----\nb3BlbnNzaC1rZXktdjEAAAAABG5vbmUAAAAEbm9uZQAAAAAAAAABAAAAMwAAAAtz\nc2gtZWQyNTUxOQAAACAHfCdzrlgG8gwzVgeaD436v0trox0IpZyKz+3M0aeM1gAA\nAIjp05Io6dOSKAAAAAtzc2gtZWQyNTUxOQAAACAHfCdzrlgG8gwzVgeaD436v0tr\nox0IpZyKz+3M0aeM1gAAAEAGE/QtdbZQmsvUYSF6em1rh8K1ng6DpqoghTZoywsU\n+Ad8J3OuWAbyDDNWB5oPjfq/S2ujHQilnIrP7czRp4zWAAAAAAECAwQF\n-----END OPENSSH PRIVATE KEY-----\n",
            "private_key_pem": "-----BEGIN PRIVATE KEY-----\nMC4CAQAwBQYDK2VwBCIEIAYT9C11tlCay9RhIXp6bWuHwrWeDoOmqiCFNmjLCxT4\n-----END PRIVATE KEY-----\n",
            "private_key_pem_pkcs8": "-----BEGIN PRIVATE KEY-----\nMC4CAQAwBQYDK2VwBCIEIAYT9C11tlCay9RhIXp6bWuHwrWeDoOmqiCFNmjLCxT4\n-----END PRIVATE KEY-----\n",
            "public_key_fingerprint_md5": "c9:ca:a7:17:7e:15:bc:ac:7a:3d:35:8c:05:08:c9:17",
            "public_key_fingerprint_sha256": "SHA256:4iAEuPWO1jmbFc0AQbji/cA8zhUGYWFNaZnMzs0ziM8",
            "public_key_openssh": "ssh-ed25519 AAAAC3NzaC1lZDI1NTE5AAAAIAd8J3OuWAbyDDNWB5oPjfq/S2ujHQilnIrP7czRp4zW\n",
            "public_key_pem": "-----BEGIN PUBLIC KEY-----\nMCowBQYDK2VwAyEAB3wnc65YBvIMM1YHmg+N+r9La6MdCKWcis/tzNGnjNY=\n-----END PUBLIC KEY-----\n",
            "rsa_bits": 2048
          },
          "sensitive_attributes": []
        }
      ]
    }
  ],
  "check_results": null
}
