{
  "version": 4,
  "terraform_version": "1.6.2",
  "serial": 338,
  "lineage": "0bb363e9-10e2-22e4-3817-2591a11fa918",
  "outputs": {
    "private_ip": {
      "value": [
        [
          "192.168.124.44"
        ],
        [
          "192.168.124.200"
        ]
      ],
      "type": [
        "tuple",
        [
          [
            "list",
            "string"
          ],
          [
            "list",
            "string"
          ]
        ]
      ]
    }
  },
  "resources": [
    {
      "mode": "data",
      "type": "cloudinit_config",
      "name": "conf",
      "provider": "provider[\"registry.terraform.io/hashicorp/cloudinit\"]",
      "instances": [
        {
          "schema_version": 0,
          "attributes": {
            "base64_encode": false,
            "boundary": "MIMEBOUNDARY",
            "gzip": false,
            "id": "1965216034",
            "part": [
              {
                "content": "#cloud-config\n#packages:\n#  - \"wget\"\n#  - \"bash-completion\"\n#  - \"git\"\n\n#package_update: true\n#package_upgrade: true\n#package_reboot_if_required: true\n\nwrite_files:\n  - path: \"/root/hello.txt\"\n    owner: \"root:root\"\n    permissions: '0644'\n    content: \"This Infrastructure is provided by BZHack! Enjoy!\\n\"\nruncmd:\n  - loadkeys fr\n  - echo \"ssh-ed25519 AAAAC3NzaC1lZDI1NTE5AAAAIBnnGfVqemeXcL3Xh5mN92rwsvU+7ovmaiq625iqXt7s infra@bzhack.bzh\" \u003e\u003e /root/.ssh/authorized_keys\n  - echo \"ssh-ed25519 AAAAC3NzaC1lZDI1NTE5AAAAIBnnGfVqemeXcL3Xh5mN92rwsvU+7ovmaiq625iqXt7s infra@bzhack.bzh\" \u003e\u003e /root/.ssh/id_rsa.pub",
                "content_type": "text/cloud-config",
                "filename": "cloud-init.yaml",
                "merge_type": null
              }
            ],
            "rendered": "Content-Type: multipart/mixed; boundary=\"MIMEBOUNDARY\"\nMIME-Version: 1.0\r\n\r\n--MIMEBOUNDARY\r\nContent-Disposition: attachment; filename=\"cloud-init.yaml\"\r\nContent-Transfer-Encoding: 7bit\r\nContent-Type: text/cloud-config\r\nMime-Version: 1.0\r\n\r\n#cloud-config\n#packages:\n#  - \"wget\"\n#  - \"bash-completion\"\n#  - \"git\"\n\n#package_update: true\n#package_upgrade: true\n#package_reboot_if_required: true\n\nwrite_files:\n  - path: \"/root/hello.txt\"\n    owner: \"root:root\"\n    permissions: '0644'\n    content: \"This Infrastructure is provided by BZHack! Enjoy!\\n\"\nruncmd:\n  - loadkeys fr\n  - echo \"ssh-ed25519 AAAAC3NzaC1lZDI1NTE5AAAAIBnnGfVqemeXcL3Xh5mN92rwsvU+7ovmaiq625iqXt7s infra@bzhack.bzh\" \u003e\u003e /root/.ssh/authorized_keys\n  - echo \"ssh-ed25519 AAAAC3NzaC1lZDI1NTE5AAAAIBnnGfVqemeXcL3Xh5mN92rwsvU+7ovmaiq625iqXt7s infra@bzhack.bzh\" \u003e\u003e /root/.ssh/id_rsa.pub\r\n--MIMEBOUNDARY--\r\n"
          },
          "sensitive_attributes": []
        }
      ]
    },
    {
      "mode": "data",
      "type": "template_file",
      "name": "cloudinit",
      "provider": "provider[\"registry.terraform.io/hashicorp/template\"]",
      "instances": [
        {
          "schema_version": 0,
          "attributes": {
            "filename": null,
            "id": "da393cdffad7185df70ad9910b060f8ec91c37fc439f939bba358bfb41c8e5b9",
            "rendered": "#cloud-config\n#packages:\n#  - \"wget\"\n#  - \"bash-completion\"\n#  - \"git\"\n\n#package_update: true\n#package_upgrade: true\n#package_reboot_if_required: true\n\nwrite_files:\n  - path: \"/root/hello.txt\"\n    owner: \"root:root\"\n    permissions: '0644'\n    content: \"This Infrastructure is provided by BZHack! Enjoy!\\n\"\nruncmd:\n  - loadkeys fr\n  - echo \"ssh-ed25519 AAAAC3NzaC1lZDI1NTE5AAAAIBnnGfVqemeXcL3Xh5mN92rwsvU+7ovmaiq625iqXt7s infra@bzhack.bzh\" \u003e\u003e /root/.ssh/authorized_keys\n  - echo \"ssh-ed25519 AAAAC3NzaC1lZDI1NTE5AAAAIBnnGfVqemeXcL3Xh5mN92rwsvU+7ovmaiq625iqXt7s infra@bzhack.bzh\" \u003e\u003e /root/.ssh/id_rsa.pub",
            "template": "#cloud-config\n#packages:\n#  - \"wget\"\n#  - \"bash-completion\"\n#  - \"git\"\n\n#package_update: true\n#package_upgrade: true\n#package_reboot_if_required: true\n\nwrite_files:\n  - path: \"/root/hello.txt\"\n    owner: \"root:root\"\n    permissions: '0644'\n    content: \"This Infrastructure is provided by BZHack! Enjoy!\\n\"\nruncmd:\n  - loadkeys fr\n  - echo \"${root_sshkey} infra@bzhack.bzh\" \u003e\u003e /root/.ssh/authorized_keys\n  - echo \"${root_sshkey} infra@bzhack.bzh\" \u003e\u003e /root/.ssh/id_rsa.pub",
            "vars": {
              "private_sshkey": "-----BEGIN OPENSSH PRIVATE KEY-----\nb3BlbnNzaC1rZXktdjEAAAAABG5vbmUAAAAEbm9uZQAAAAAAAAABAAAAMwAAAAtz\nc2gtZWQyNTUxOQAAACAZ5xn1anpnl3C914eZjfdq8LL1Pu6L5moqutuYql7e7AAA\nAIh4Ga4ceBmuHAAAAAtzc2gtZWQyNTUxOQAAACAZ5xn1anpnl3C914eZjfdq8LL1\nPu6L5moqutuYql7e7AAAAEDfSykSmx2oGlRe4kkFXUd20wPtU4tGDUKtHqyhmWGb\nqxnnGfVqemeXcL3Xh5mN92rwsvU+7ovmaiq625iqXt7sAAAAAAECAwQF\n-----END OPENSSH PRIVATE KEY-----\n",
              "root_sshkey": "ssh-ed25519 AAAAC3NzaC1lZDI1NTE5AAAAIBnnGfVqemeXcL3Xh5mN92rwsvU+7ovmaiq625iqXt7s"
            }
          },
          "sensitive_attributes": [
            [
              {
                "type": "get_attr",
                "value": "vars"
              },
              {
                "type": "index",
                "value": {
                  "value": "private_sshkey",
                  "type": "string"
                }
              }
            ]
          ]
        }
      ]
    },
    {
      "mode": "managed",
      "type": "libvirt_cloudinit_disk",
      "name": "commoninit",
      "provider": "provider[\"registry.terraform.io/dmacvicar/libvirt\"]",
      "instances": [
        {
          "schema_version": 0,
          "attributes": {
            "id": "/home/penthium2/vm/terraform/pool/commoninit.iso;eb9a04b3-e849-43ab-9a93-87091ac9a8b7",
            "meta_data": "",
            "name": "commoninit.iso",
            "network_config": "",
            "pool": "terraform",
            "user_data": "Content-Type: multipart/mixed; boundary=\"MIMEBOUNDARY\"\nMIME-Version: 1.0\r\n\r\n--MIMEBOUNDARY\r\nContent-Disposition: attachment; filename=\"cloud-init.yaml\"\r\nContent-Transfer-Encoding: 7bit\r\nContent-Type: text/cloud-config\r\nMime-Version: 1.0\r\n\r\n#cloud-config\n#packages:\n#  - \"wget\"\n#  - \"bash-completion\"\n#  - \"git\"\n\n#package_update: true\n#package_upgrade: true\n#package_reboot_if_required: true\n\nwrite_files:\n  - path: \"/root/hello.txt\"\n    owner: \"root:root\"\n    permissions: '0644'\n    content: \"This Infrastructure is provided by BZHack! Enjoy!\\n\"\nruncmd:\n  - loadkeys fr\n  - echo \"ssh-ed25519 AAAAC3NzaC1lZDI1NTE5AAAAIBnnGfVqemeXcL3Xh5mN92rwsvU+7ovmaiq625iqXt7s infra@bzhack.bzh\" \u003e\u003e /root/.ssh/authorized_keys\n  - echo \"ssh-ed25519 AAAAC3NzaC1lZDI1NTE5AAAAIBnnGfVqemeXcL3Xh5mN92rwsvU+7ovmaiq625iqXt7s infra@bzhack.bzh\" \u003e\u003e /root/.ssh/id_rsa.pub\r\n--MIMEBOUNDARY--\r\n"
          },
          "sensitive_attributes": [],
          "private": "bnVsbA==",
          "dependencies": [
            "data.cloudinit_config.conf",
            "data.template_file.cloudinit",
            "libvirt_pool.terraform",
            "tls_private_key.terrafrom_generated_private_key"
          ]
        }
      ]
    },
    {
      "mode": "managed",
      "type": "libvirt_domain",
      "name": "dynamic",
      "provider": "provider[\"registry.terraform.io/dmacvicar/libvirt\"]",
      "instances": [
        {
          "index_key": 0,
          "schema_version": 0,
          "attributes": {
            "arch": "x86_64",
            "autostart": null,
            "boot_device": [],
            "cloudinit": "/home/penthium2/vm/terraform/pool/commoninit.iso;eb9a04b3-e849-43ab-9a93-87091ac9a8b7",
            "cmdline": null,
            "console": [
              {
                "source_host": "127.0.0.1",
                "source_path": "",
                "source_service": "0",
                "target_port": "0",
                "target_type": "serial",
                "type": "pty"
              }
            ],
            "coreos_ignition": null,
            "cpu": [],
            "description": "",
            "disk": [
              {
                "block_device": "",
                "file": "",
                "scsi": false,
                "url": "",
                "volume_id": "/home/penthium2/vm/terraform/pool/vm0",
                "wwn": ""
              }
            ],
            "emulator": "/usr/bin/qemu-system-x86_64",
            "filesystem": [],
            "firmware": "",
            "fw_cfg_name": "opt/com.coreos/config",
            "graphics": [],
            "id": "57d87684-1e91-487a-b7b3-de1589f9ba2e",
            "initrd": "",
            "kernel": "",
            "machine": "pc",
            "memory": 2028,
            "metadata": null,
            "name": "vm0",
            "network_interface": [
              {
                "addresses": [
                  "192.168.124.44"
                ],
                "bridge": "",
                "hostname": "",
                "mac": "52:54:00:FA:9D:E4",
                "macvtap": "",
                "network_id": "ed042b90-716e-43f3-8e05-8ff00eee92f9",
                "network_name": "default",
                "passthrough": "",
                "vepa": "",
                "wait_for_lease": true
              }
            ],
            "nvram": [],
            "qemu_agent": false,
            "running": true,
            "timeouts": null,
            "tpm": [],
            "vcpu": 1,
            "video": [],
            "xml": []
          },
          "sensitive_attributes": [],
          "private": "eyJlMmJmYjczMC1lY2FhLTExZTYtOGY4OC0zNDM2M2JjN2M0YzAiOnsiY3JlYXRlIjozMDAwMDAwMDAwMDB9fQ==",
          "dependencies": [
            "data.cloudinit_config.conf",
            "data.template_file.cloudinit",
            "libvirt_cloudinit_disk.commoninit",
            "libvirt_pool.terraform",
            "libvirt_volume.dynamic",
            "tls_private_key.terrafrom_generated_private_key"
          ]
        },
        {
          "index_key": 1,
          "schema_version": 0,
          "attributes": {
            "arch": "x86_64",
            "autostart": null,
            "boot_device": [],
            "cloudinit": "/home/penthium2/vm/terraform/pool/commoninit.iso;eb9a04b3-e849-43ab-9a93-87091ac9a8b7",
            "cmdline": null,
            "console": [
              {
                "source_host": "127.0.0.1",
                "source_path": "",
                "source_service": "0",
                "target_port": "0",
                "target_type": "serial",
                "type": "pty"
              }
            ],
            "coreos_ignition": null,
            "cpu": [],
            "description": "",
            "disk": [
              {
                "block_device": "",
                "file": "",
                "scsi": false,
                "url": "",
                "volume_id": "/home/penthium2/vm/terraform/pool/vm1",
                "wwn": ""
              }
            ],
            "emulator": "/usr/bin/qemu-system-x86_64",
            "filesystem": [],
            "firmware": "",
            "fw_cfg_name": "opt/com.coreos/config",
            "graphics": [],
            "id": "e3612fdb-e785-421e-a2e1-ece3e5d367e0",
            "initrd": "",
            "kernel": "",
            "machine": "pc",
            "memory": 2028,
            "metadata": null,
            "name": "vm1",
            "network_interface": [
              {
                "addresses": [
                  "192.168.124.200"
                ],
                "bridge": "",
                "hostname": "",
                "mac": "52:54:00:06:E3:11",
                "macvtap": "",
                "network_id": "ed042b90-716e-43f3-8e05-8ff00eee92f9",
                "network_name": "default",
                "passthrough": "",
                "vepa": "",
                "wait_for_lease": true
              }
            ],
            "nvram": [],
            "qemu_agent": false,
            "running": true,
            "timeouts": null,
            "tpm": [],
            "vcpu": 1,
            "video": [],
            "xml": []
          },
          "sensitive_attributes": [],
          "private": "eyJlMmJmYjczMC1lY2FhLTExZTYtOGY4OC0zNDM2M2JjN2M0YzAiOnsiY3JlYXRlIjozMDAwMDAwMDAwMDB9fQ==",
          "dependencies": [
            "data.cloudinit_config.conf",
            "data.template_file.cloudinit",
            "libvirt_cloudinit_disk.commoninit",
            "libvirt_pool.terraform",
            "libvirt_volume.dynamic",
            "tls_private_key.terrafrom_generated_private_key"
          ]
        }
      ]
    },
    {
      "mode": "managed",
      "type": "libvirt_pool",
      "name": "terraform",
      "provider": "provider[\"registry.terraform.io/dmacvicar/libvirt\"]",
      "instances": [
        {
          "schema_version": 0,
          "attributes": {
            "allocation": 323046756352,
            "available": null,
            "capacity": 633101778944,
            "id": "208aa385-c828-444e-bd63-104d37fa434d",
            "name": "terraform",
            "path": "/home/penthium2/vm/terraform/pool",
            "type": "dir",
            "xml": []
          },
          "sensitive_attributes": [],
          "private": "bnVsbA=="
        }
      ]
    },
    {
      "mode": "managed",
      "type": "libvirt_volume",
      "name": "dynamic",
      "provider": "provider[\"registry.terraform.io/dmacvicar/libvirt\"]",
      "instances": [
        {
          "index_key": 0,
          "schema_version": 0,
          "attributes": {
            "base_volume_id": null,
            "base_volume_name": null,
            "base_volume_pool": null,
            "format": "qcow2",
            "id": "/home/penthium2/vm/terraform/pool/vm0",
            "name": "vm0",
            "pool": "terraform",
            "size": 5368709120,
            "source": "/home/penthium2/vm/Fedora-Cloud-Base-38-1.6.x86_64.qcow2",
            "xml": []
          },
          "sensitive_attributes": [],
          "private": "bnVsbA==",
          "dependencies": [
            "libvirt_pool.terraform"
          ]
        },
        {
          "index_key": 1,
          "schema_version": 0,
          "attributes": {
            "base_volume_id": null,
            "base_volume_name": null,
            "base_volume_pool": null,
            "format": "qcow2",
            "id": "/home/penthium2/vm/terraform/pool/vm1",
            "name": "vm1",
            "pool": "terraform",
            "size": 5368709120,
            "source": "/home/penthium2/vm/Fedora-Cloud-Base-38-1.6.x86_64.qcow2",
            "xml": []
          },
          "sensitive_attributes": [],
          "private": "bnVsbA==",
          "dependencies": [
            "libvirt_pool.terraform"
          ]
        }
      ]
    },
    {
      "mode": "managed",
      "type": "libvirt_volume",
      "name": "final_dynamic",
      "provider": "provider[\"registry.terraform.io/dmacvicar/libvirt\"]",
      "instances": [
        {
          "index_key": 0,
          "schema_version": 0,
          "attributes": {
            "base_volume_id": "/home/penthium2/vm/terraform/pool/vm0",
            "base_volume_name": null,
            "base_volume_pool": null,
            "format": "qcow2",
            "id": "/home/penthium2/vm/terraform/pool/vm0.qcow2",
            "name": "vm0.qcow2",
            "pool": "terraform",
            "size": 10737418240,
            "source": null,
            "xml": []
          },
          "sensitive_attributes": [],
          "private": "bnVsbA==",
          "dependencies": [
            "libvirt_pool.terraform",
            "libvirt_volume.dynamic"
          ]
        },
        {
          "index_key": 1,
          "schema_version": 0,
          "attributes": {
            "base_volume_id": "/home/penthium2/vm/terraform/pool/vm1",
            "base_volume_name": null,
            "base_volume_pool": null,
            "format": "qcow2",
            "id": "/home/penthium2/vm/terraform/pool/vm1.qcow2",
            "name": "vm1.qcow2",
            "pool": "terraform",
            "size": 10737418240,
            "source": null,
            "xml": []
          },
          "sensitive_attributes": [],
          "private": "bnVsbA==",
          "dependencies": [
            "libvirt_pool.terraform",
            "libvirt_volume.dynamic"
          ]
        }
      ]
    },
    {
      "mode": "managed",
      "type": "local_sensitive_file",
      "name": "private_key",
      "provider": "provider[\"registry.terraform.io/hashicorp/local\"]",
      "instances": [
        {
          "schema_version": 0,
          "attributes": {
            "content": "-----BEGIN OPENSSH PRIVATE KEY-----\nb3BlbnNzaC1rZXktdjEAAAAABG5vbmUAAAAEbm9uZQAAAAAAAAABAAAAMwAAAAtz\nc2gtZWQyNTUxOQAAACAZ5xn1anpnl3C914eZjfdq8LL1Pu6L5moqutuYql7e7AAA\nAIh4Ga4ceBmuHAAAAAtzc2gtZWQyNTUxOQAAACAZ5xn1anpnl3C914eZjfdq8LL1\nPu6L5moqutuYql7e7AAAAEDfSykSmx2oGlRe4kkFXUd20wPtU4tGDUKtHqyhmWGb\nqxnnGfVqemeXcL3Xh5mN92rwsvU+7ovmaiq625iqXt7sAAAAAAECAwQF\n-----END OPENSSH PRIVATE KEY-----\n",
            "content_base64": null,
            "content_base64sha256": "c7f0x9XLhd3Mc59B1ZCSber4md10bDfk6rxvLxFR2RM=",
            "content_base64sha512": "VCbkhWxWkysaqE1YlSaWM/fWHR/+FIcfThy2kHaDlxsLd+xxv5SE2TH59col7vtwVQ6Kic0ZU2F9aH+wLCEEzw==",
            "content_md5": "929bfd3bd15aa8c1a830f318dfcb42ab",
            "content_sha1": "43ad2a62a095a62255a45af13527fa1ffe7bd0d5",
            "content_sha256": "73b7f4c7d5cb85ddcc739f41d590926deaf899dd746c37e4eabc6f2f1151d913",
            "content_sha512": "5426e4856c56932b1aa84d5895269633f7d61d1ffe14871f4e1cb6907683971b0b77ec71bf9484d931f9f5ca25eefb70550e8a89cd1953617d687fb02c2104cf",
            "directory_permission": "0700",
            "file_permission": "400",
            "filename": "private_key.pem",
            "id": "43ad2a62a095a62255a45af13527fa1ffe7bd0d5",
            "source": null
          },
          "sensitive_attributes": [
            [
              {
                "type": "get_attr",
                "value": "content"
              }
            ]
          ],
          "dependencies": [
            "tls_private_key.terrafrom_generated_private_key"
          ]
        }
      ]
    },
    {
      "mode": "managed",
      "type": "tls_private_key",
      "name": "terrafrom_generated_private_key",
      "provider": "provider[\"registry.terraform.io/hashicorp/tls\"]",
      "instances": [
        {
          "schema_version": 1,
          "attributes": {
            "algorithm": "ED25519",
            "ecdsa_curve": "P224",
            "id": "727202875caee3397043de5a48e66268de3315ca",
            "private_key_openssh": "-----BEGIN OPENSSH PRIVATE KEY-----\nb3BlbnNzaC1rZXktdjEAAAAABG5vbmUAAAAEbm9uZQAAAAAAAAABAAAAMwAAAAtz\nc2gtZWQyNTUxOQAAACAZ5xn1anpnl3C914eZjfdq8LL1Pu6L5moqutuYql7e7AAA\nAIh4Ga4ceBmuHAAAAAtzc2gtZWQyNTUxOQAAACAZ5xn1anpnl3C914eZjfdq8LL1\nPu6L5moqutuYql7e7AAAAEDfSykSmx2oGlRe4kkFXUd20wPtU4tGDUKtHqyhmWGb\nqxnnGfVqemeXcL3Xh5mN92rwsvU+7ovmaiq625iqXt7sAAAAAAECAwQF\n-----END OPENSSH PRIVATE KEY-----\n",
            "private_key_pem": "-----BEGIN PRIVATE KEY-----\nMC4CAQAwBQYDK2VwBCIEIN9LKRKbHagaVF7iSQVdR3bTA+1Ti0YNQq0erKGZYZur\n-----END PRIVATE KEY-----\n",
            "private_key_pem_pkcs8": "-----BEGIN PRIVATE KEY-----\nMC4CAQAwBQYDK2VwBCIEIN9LKRKbHagaVF7iSQVdR3bTA+1Ti0YNQq0erKGZYZur\n-----END PRIVATE KEY-----\n",
            "public_key_fingerprint_md5": "59:b9:0e:84:cb:ab:8e:0f:e7:7e:90:5a:88:5a:32:3d",
            "public_key_fingerprint_sha256": "SHA256:A5q6SHHFV4ZE+drsmgs9+SO1Kqn3BLk6Pn1KusmtJvE",
            "public_key_openssh": "ssh-ed25519 AAAAC3NzaC1lZDI1NTE5AAAAIBnnGfVqemeXcL3Xh5mN92rwsvU+7ovmaiq625iqXt7s\n",
            "public_key_pem": "-----BEGIN PUBLIC KEY-----\nMCowBQYDK2VwAyEAGecZ9Wp6Z5dwvdeHmY33avCy9T7ui+ZqKrrbmKpe3uw=\n-----END PUBLIC KEY-----\n",
            "rsa_bits": 2048
          },
          "sensitive_attributes": []
        }
      ]
    }
  ],
  "check_results": null
}
