{
  "version": 4,
  "terraform_version": "1.6.2",
  "serial": 163,
  "lineage": "0bb363e9-10e2-22e4-3817-2591a11fa918",
  "outputs": {
    "private_ip": {
      "value": [
        [
          [
            "192.168.124.22"
          ]
        ],
        [
          [
            "192.168.124.247"
          ]
        ]
      ],
      "type": [
        "tuple",
        [
          [
            "list",
            [
              "list",
              "string"
            ]
          ],
          [
            "list",
            [
              "list",
              "string"
            ]
          ]
        ]
      ]
    }
  },
  "resources": [
    {
      "mode": "managed",
      "type": "libvirt_domain",
      "name": "dynamic",
      "provider": "provider[\"registry.terraform.io/dmacvicar/libvirt\"]",
      "instances": [
        {
          "index_key": 0,
          "schema_version": 0,
          "attributes": {
            "arch": "x86_64",
            "autostart": null,
            "boot_device": [],
            "cloudinit": null,
            "cmdline": [],
            "console": [],
            "coreos_ignition": null,
            "cpu": [],
            "description": "",
            "disk": [
              {
                "block_device": "",
                "file": "",
                "scsi": false,
                "url": "",
                "volume_id": "/home/penthium2/vm/terraform/pool/vm0.qcow2",
                "wwn": ""
              }
            ],
            "emulator": "/usr/bin/qemu-system-x86_64",
            "filesystem": [],
            "firmware": "",
            "fw_cfg_name": "opt/com.coreos/config",
            "graphics": [],
            "id": "ac2c2b90-7fa5-40c3-b5f3-86245257bb95",
            "initrd": "",
            "kernel": "",
            "machine": "pc",
            "memory": 512,
            "metadata": null,
            "name": "vm0",
            "network_interface": [
              {
                "addresses": [
                  "192.168.124.22"
                ],
                "bridge": "",
                "hostname": "",
                "mac": "52:54:00:92:77:4D",
                "macvtap": "",
                "network_id": "ed042b90-716e-43f3-8e05-8ff00eee92f9",
                "network_name": "default",
                "passthrough": "",
                "vepa": "",
                "wait_for_lease": false
              }
            ],
            "nvram": [],
            "qemu_agent": false,
            "running": true,
            "timeouts": null,
            "tpm": [],
            "vcpu": 1,
            "video": [],
            "xml": []
          },
          "sensitive_attributes": [],
          "private": "eyJlMmJmYjczMC1lY2FhLTExZTYtOGY4OC0zNDM2M2JjN2M0YzAiOnsiY3JlYXRlIjozMDAwMDAwMDAwMDB9fQ==",
          "dependencies": [
            "libvirt_pool.terraform",
            "libvirt_volume.dynamic"
          ]
        },
        {
          "index_key": 1,
          "schema_version": 0,
          "attributes": {
            "arch": "x86_64",
            "autostart": null,
            "boot_device": [],
            "cloudinit": null,
            "cmdline": [],
            "console": [],
            "coreos_ignition": null,
            "cpu": [],
            "description": "",
            "disk": [
              {
                "block_device": "",
                "file": "",
                "scsi": false,
                "url": "",
                "volume_id": "/home/penthium2/vm/terraform/pool/vm1.qcow2",
                "wwn": ""
              }
            ],
            "emulator": "/usr/bin/qemu-system-x86_64",
            "filesystem": [],
            "firmware": "",
            "fw_cfg_name": "opt/com.coreos/config",
            "graphics": [],
            "id": "7dd8f47a-7f1e-462d-bad2-32aa7135ced2",
            "initrd": "",
            "kernel": "",
            "machine": "pc",
            "memory": 512,
            "metadata": null,
            "name": "vm1",
            "network_interface": [
              {
                "addresses": [
                  "192.168.124.247"
                ],
                "bridge": "",
                "hostname": "",
                "mac": "52:54:00:8E:BF:61",
                "macvtap": "",
                "network_id": "ed042b90-716e-43f3-8e05-8ff00eee92f9",
                "network_name": "default",
                "passthrough": "",
                "vepa": "",
                "wait_for_lease": false
              }
            ],
            "nvram": [],
            "qemu_agent": false,
            "running": true,
            "timeouts": null,
            "tpm": [],
            "vcpu": 1,
            "video": [],
            "xml": []
          },
          "sensitive_attributes": [],
          "private": "eyJlMmJmYjczMC1lY2FhLTExZTYtOGY4OC0zNDM2M2JjN2M0YzAiOnsiY3JlYXRlIjozMDAwMDAwMDAwMDB9fQ==",
          "dependencies": [
            "libvirt_pool.terraform",
            "libvirt_volume.dynamic"
          ]
        }
      ]
    },
    {
      "mode": "managed",
      "type": "libvirt_pool",
      "name": "terraform",
      "provider": "provider[\"registry.terraform.io/dmacvicar/libvirt\"]",
      "instances": [
        {
          "schema_version": 0,
          "attributes": {
            "allocation": 324891291648,
            "available": null,
            "capacity": 633101778944,
            "id": "b4caca48-231b-4373-b5c5-a565ea67de56",
            "name": "terraform",
            "path": "/home/penthium2/vm/terraform/pool",
            "type": "dir",
            "xml": []
          },
          "sensitive_attributes": [],
          "private": "bnVsbA=="
        }
      ]
    },
    {
      "mode": "managed",
      "type": "libvirt_volume",
      "name": "dynamic",
      "provider": "provider[\"registry.terraform.io/dmacvicar/libvirt\"]",
      "instances": [
        {
          "index_key": 0,
          "schema_version": 0,
          "attributes": {
            "base_volume_id": null,
            "base_volume_name": null,
            "base_volume_pool": null,
            "format": "qcow2",
            "id": "/home/penthium2/vm/terraform/pool/vm0.qcow2",
            "name": "vm0.qcow2",
            "pool": "terraform",
            "size": 5368709120,
            "source": "/home/penthium2/vm/terraform/Fedora-Cloud-Base-38-1.6.x86_64.qcow2",
            "xml": []
          },
          "sensitive_attributes": [],
          "private": "bnVsbA==",
          "dependencies": [
            "libvirt_pool.terraform"
          ]
        },
        {
          "index_key": 1,
          "schema_version": 0,
          "attributes": {
            "base_volume_id": null,
            "base_volume_name": null,
            "base_volume_pool": null,
            "format": "qcow2",
            "id": "/home/penthium2/vm/terraform/pool/vm1.qcow2",
            "name": "vm1.qcow2",
            "pool": "terraform",
            "size": 5368709120,
            "source": "/home/penthium2/vm/terraform/Fedora-Cloud-Base-38-1.6.x86_64.qcow2",
            "xml": []
          },
          "sensitive_attributes": [],
          "private": "bnVsbA==",
          "dependencies": [
            "libvirt_pool.terraform"
          ]
        }
      ]
    }
  ],
  "check_results": null
}
