{
  "version": 4,
  "terraform_version": "1.6.2",
  "serial": 180,
  "lineage": "0bb363e9-10e2-22e4-3817-2591a11fa918",
  "outputs": {
    "private_ip": {
      "value": [
        [
          [
            "192.168.124.49"
          ]
        ],
        [
          [
            "192.168.124.246"
          ]
        ]
      ],
      "type": [
        "tuple",
        [
          [
            "list",
            [
              "list",
              "string"
            ]
          ],
          [
            "list",
            [
              "list",
              "string"
            ]
          ]
        ]
      ]
    }
  },
  "resources": [
    {
      "mode": "managed",
      "type": "libvirt_domain",
      "name": "dynamic",
      "provider": "provider[\"registry.terraform.io/dmacvicar/libvirt\"]",
      "instances": [
        {
          "index_key": 0,
          "schema_version": 0,
          "attributes": {
            "arch": "x86_64",
            "autostart": null,
            "boot_device": [],
            "cloudinit": null,
            "cmdline": [],
            "console": [],
            "coreos_ignition": null,
            "cpu": [],
            "description": "",
            "disk": [
              {
                "block_device": "",
                "file": "",
                "scsi": false,
                "url": "",
                "volume_id": "/home/penthium2/vm/terraform/pool/vm0.qcow2",
                "wwn": ""
              }
            ],
            "emulator": "/usr/bin/qemu-system-x86_64",
            "filesystem": [],
            "firmware": "",
            "fw_cfg_name": "opt/com.coreos/config",
            "graphics": [],
            "id": "9194c545-b3b2-47bd-ba38-f30832005835",
            "initrd": "",
            "kernel": "",
            "machine": "pc",
            "memory": 512,
            "metadata": null,
            "name": "vm0",
            "network_interface": [
              {
                "addresses": [
                  "192.168.124.49"
                ],
                "bridge": "",
                "hostname": "",
                "mac": "52:54:00:9A:42:22",
                "macvtap": "",
                "network_id": "ed042b90-716e-43f3-8e05-8ff00eee92f9",
                "network_name": "default",
                "passthrough": "",
                "vepa": "",
                "wait_for_lease": false
              }
            ],
            "nvram": [],
            "qemu_agent": false,
            "running": true,
            "timeouts": null,
            "tpm": [],
            "vcpu": 1,
            "video": [],
            "xml": []
          },
          "sensitive_attributes": [],
          "private": "eyJlMmJmYjczMC1lY2FhLTExZTYtOGY4OC0zNDM2M2JjN2M0YzAiOnsiY3JlYXRlIjozMDAwMDAwMDAwMDB9fQ==",
          "dependencies": [
            "libvirt_pool.terraform",
            "libvirt_volume.dynamic"
          ]
        },
        {
          "index_key": 1,
          "schema_version": 0,
          "attributes": {
            "arch": "x86_64",
            "autostart": null,
            "boot_device": [],
            "cloudinit": null,
            "cmdline": [],
            "console": [],
            "coreos_ignition": null,
            "cpu": [],
            "description": "",
            "disk": [
              {
                "block_device": "",
                "file": "",
                "scsi": false,
                "url": "",
                "volume_id": "/home/penthium2/vm/terraform/pool/vm1.qcow2",
                "wwn": ""
              }
            ],
            "emulator": "/usr/bin/qemu-system-x86_64",
            "filesystem": [],
            "firmware": "",
            "fw_cfg_name": "opt/com.coreos/config",
            "graphics": [],
            "id": "cf7c6d26-cba8-4e92-8817-269214b0faaf",
            "initrd": "",
            "kernel": "",
            "machine": "pc",
            "memory": 512,
            "metadata": null,
            "name": "vm1",
            "network_interface": [
              {
                "addresses": [
                  "192.168.124.246"
                ],
                "bridge": "",
                "hostname": "",
                "mac": "52:54:00:5E:6D:DD",
                "macvtap": "",
                "network_id": "ed042b90-716e-43f3-8e05-8ff00eee92f9",
                "network_name": "default",
                "passthrough": "",
                "vepa": "",
                "wait_for_lease": false
              }
            ],
            "nvram": [],
            "qemu_agent": false,
            "running": true,
            "timeouts": null,
            "tpm": [],
            "vcpu": 1,
            "video": [],
            "xml": []
          },
          "sensitive_attributes": [],
          "private": "eyJlMmJmYjczMC1lY2FhLTExZTYtOGY4OC0zNDM2M2JjN2M0YzAiOnsiY3JlYXRlIjozMDAwMDAwMDAwMDB9fQ==",
          "dependencies": [
            "libvirt_pool.terraform",
            "libvirt_volume.dynamic"
          ]
        }
      ]
    },
    {
      "mode": "managed",
      "type": "libvirt_pool",
      "name": "terraform",
      "provider": "provider[\"registry.terraform.io/dmacvicar/libvirt\"]",
      "instances": [
        {
          "schema_version": 0,
          "attributes": {
            "allocation": 324598128640,
            "available": null,
            "capacity": 633101778944,
            "id": "c89401b9-02c3-41ee-afd1-04d9c899304a",
            "name": "terraform",
            "path": "/home/penthium2/vm/terraform/pool",
            "type": "dir",
            "xml": []
          },
          "sensitive_attributes": [],
          "private": "bnVsbA=="
        }
      ]
    },
    {
      "mode": "managed",
      "type": "libvirt_volume",
      "name": "dynamic",
      "provider": "provider[\"registry.terraform.io/dmacvicar/libvirt\"]",
      "instances": [
        {
          "index_key": 0,
          "schema_version": 0,
          "attributes": {
            "base_volume_id": null,
            "base_volume_name": null,
            "base_volume_pool": null,
            "format": "qcow2",
            "id": "/home/penthium2/vm/terraform/pool/vm0.qcow2",
            "name": "vm0.qcow2",
            "pool": "terraform",
            "size": 5368709120,
            "source": "/home/penthium2/vm/Fedora-Cloud-Base-38-1.6.x86_64.qcow2",
            "xml": []
          },
          "sensitive_attributes": [],
          "private": "bnVsbA==",
          "dependencies": [
            "libvirt_pool.terraform"
          ]
        },
        {
          "index_key": 1,
          "schema_version": 0,
          "attributes": {
            "base_volume_id": null,
            "base_volume_name": null,
            "base_volume_pool": null,
            "format": "qcow2",
            "id": "/home/penthium2/vm/terraform/pool/vm1.qcow2",
            "name": "vm1.qcow2",
            "pool": "terraform",
            "size": 5368709120,
            "source": "/home/penthium2/vm/Fedora-Cloud-Base-38-1.6.x86_64.qcow2",
            "xml": []
          },
          "sensitive_attributes": [],
          "private": "bnVsbA==",
          "dependencies": [
            "libvirt_pool.terraform"
          ]
        }
      ]
    }
  ],
  "check_results": null
}
